
Microsoft Visual Studio Solution File, Format Version 12.00
# Visual Studio Version 17
VisualStudioVersion = 17.8.34309.116
MinimumVisualStudioVersion = 10.0.40219.1
Project("{FAE04EC0-301F-11D3-BF4B-00C04F79EFBC}") = "teamproject", "teamproject.csproj", "{13721D2C-4170-4437-90C3-D0DC021720CC}"
EndProject
Global
	GlobalSection(SolutionConfigurationPlatforms) = preSolution
		Debug|Any CPU = Debug|Any CPU
		Release|Any CPU = Release|Any CPU
	EndGlobalSection
	GlobalSection(ProjectConfigurationPlatforms) = postSolution
		{13721D2C-4170-4437-90C3-D0DC021720CC}.Debug|Any CPU.ActiveCfg = Debug|Any CPU
		{13721D2C-4170-4437-90C3-D0DC021720CC}.Debug|Any CPU.Build.0 = Debug|Any CPU
		{13721D2C-4170-4437-90C3-D0DC021720CC}.Release|Any CPU.ActiveCfg = Release|Any CPU
		{13721D2C-4170-4437-90C3-D0DC021720CC}.Release|Any CPU.Build.0 = Release|Any CPU
	EndGlobalSection
	GlobalSection(SolutionProperties) = preSolution
		HideSolutionNode = FALSE
	EndGlobalSection
	GlobalSection(ExtensibilityGlobals) = postSolution
		SolutionGuid = {E2EC129D-3B68-4689-BE8F-C98CCDD7F3C3}
	EndGlobalSection
EndGlobal
